
Microsoft Visual Studio Solution File, Format Version 12.00
# Visual Studio Version 17
VisualStudioVersion = 17.8.34330.188
MinimumVisualStudioVersion = 10.0.40219.1
Project("{FAE04EC0-301F-11D3-BF4B-00C04F79EFBC}") = "CSharp_WinF_L1", "CSharp_WinF_L1\CSharp_WinF_L1.csproj", "{8F4F94FE-11E1-445E-88C0-F5A348F1D497}"
EndProject
Global
	GlobalSection(SolutionConfigurationPlatforms) = preSolution
		Debug|Any CPU = Debug|Any CPU
		Release|Any CPU = Release|Any CPU
	EndGlobalSection
	GlobalSection(ProjectConfigurationPlatforms) = postSolution
		{8F4F94FE-11E1-445E-88C0-F5A348F1D497}.Debug|Any CPU.ActiveCfg = Debug|Any CPU
		{8F4F94FE-11E1-445E-88C0-F5A348F1D497}.Debug|Any CPU.Build.0 = Debug|Any CPU
		{8F4F94FE-11E1-445E-88C0-F5A348F1D497}.Release|Any CPU.ActiveCfg = Release|Any CPU
		{8F4F94FE-11E1-445E-88C0-F5A348F1D497}.Release|Any CPU.Build.0 = Release|Any CPU
	EndGlobalSection
	GlobalSection(SolutionProperties) = preSolution
		HideSolutionNode = FALSE
	EndGlobalSection
	GlobalSection(ExtensibilityGlobals) = postSolution
		SolutionGuid = {09EC6E56-5F9F-44E5-A4FF-5928184E1880}
	EndGlobalSection
EndGlobal
